
Microsoft Visual Studio Solution File, Format Version 12.00
# Visual Studio Version 16
VisualStudioVersion = 16.0.32126.315
MinimumVisualStudioVersion = 10.0.40219.1
Project("{FAE04EC0-301F-11D3-BF4B-00C04F79EFBC}") = "GraphMLWriter", "GraphMLWriter\GraphMLWriter.csproj", "{8ECDC312-65E7-4C64-8715-F663BFCBACB8}"
EndProject
Global
	GlobalSection(SolutionConfigurationPlatforms) = preSolution
		Debug|Any CPU = Debug|Any CPU
		Release|Any CPU = Release|Any CPU
	EndGlobalSection
	GlobalSection(ProjectConfigurationPlatforms) = postSolution
		{8ECDC312-65E7-4C64-8715-F663BFCBACB8}.Debug|Any CPU.ActiveCfg = Debug|Any CPU
		{8ECDC312-65E7-4C64-8715-F663BFCBACB8}.Debug|Any CPU.Build.0 = Debug|Any CPU
		{8ECDC312-65E7-4C64-8715-F663BFCBACB8}.Release|Any CPU.ActiveCfg = Release|Any CPU
		{8ECDC312-65E7-4C64-8715-F663BFCBACB8}.Release|Any CPU.Build.0 = Release|Any CPU
	EndGlobalSection
	GlobalSection(SolutionProperties) = preSolution
		HideSolutionNode = FALSE
	EndGlobalSection
	GlobalSection(ExtensibilityGlobals) = postSolution
		SolutionGuid = {3AF6355F-558D-44C8-91F9-652827C725F5}
	EndGlobalSection
EndGlobal
